// !$*UTF8*$!
{
	archiveVersion = 1;
	classes = {
	};
	objectVersion = 46;
	objects = {

/* Begin PBXBuildFile section */
		E8EAC2FB1AB04ED000E019FE /* main.m in Sources */ = {isa = PBXBuildFile; fileRef = E8EAC2FA1AB04ED000E019FE /* main.m */; };
		E8EAC2FE1AB04ED000E019FE /* AppDelegate.m in Sources */ = {isa = PBXBuildFile; fileRef = E8EAC2FD1AB04ED000E019FE /* AppDelegate.m */; };
		E8EAC3011AB04ED000E019FE /* ViewController.m in Sources */ = {isa = PBXBuildFile; fileRef = E8EAC3001AB04ED000E019FE /* ViewController.m */; };
		E8EAC3041AB04ED000E019FE /* Main.storyboard in Resources */ = {isa = PBXBuildFile; fileRef = E8EAC3021AB04ED000E019FE /* Main.storyboard */; };
		E8EAC3061AB04ED000E019FE /* Images.xcassets in Resources */ = {isa = PBXBuildFile; fileRef = E8EAC3051AB04ED000E019FE /* Images.xcassets */; };
		E8EAC3091AB04ED000E019FE /* LaunchScreen.xib in Resources */ = {isa = PBXBuildFile; fileRef = E8EAC3071AB04ED000E019FE /* LaunchScreen.xib */; };
		E8EAC3151AB04ED000E019FE /* Mod19Tests.m in Sources */ = {isa = PBXBuildFile; fileRef = E8EAC3141AB04ED000E019FE /* Mod19Tests.m */; };
/* End PBXBuildFile section */

/* Begin PBXContainerItemProxy section */
		E8EAC30F1AB04ED000E019FE /* PBXContainerItemProxy */ = {
			isa = PBXContainerItemProxy;
			containerPortal = E8EAC2ED1AB04ED000E019FE /* Project object */;
			proxyType = 1;
			remoteGlobalIDString = E8EAC2F41AB04ED000E019FE;
			remoteInfo = Mod19;
		};
/* End PBXContainerItemProxy section */

/* Begin PBXFileReference section */
		E8EAC2F51AB04ED000E019FE /* Mod19.app */ = {isa = PBXFileReference; explicitFileType = wrapper.application; includeInIndex = 0; path = Mod19.app; sourceTree = BUILT_PRODUCTS_DIR; };
		E8EAC2F91AB04ED000E019FE /* Info.plist */ = {isa = PBXFileReference; lastKnownFileType = text.plist.xml; path = Info.plist; sourceTree = "<group>"; };
		E8EAC2FA1AB04ED000E019FE /* main.m */ = {isa = PBXFileReference; lastKnownFileType = sourcecode.c.objc; path = main.m; sourceTree = "<group>"; };
		E8EAC2FC1AB04ED000E019FE /* AppDelegate.h */ = {isa = PBXFileReference; lastKnownFileType = sourcecode.c.h; path = AppDelegate.h; sourceTree = "<group>"; };
		E8EAC2FD1AB04ED000E019FE /* AppDelegate.m */ = {isa = PBXFileReference; lastKnownFileType = sourcecode.c.objc; path = AppDelegate.m; sourceTree = "<group>"; };
		E8EAC2FF1AB04ED000E019FE /* ViewController.h */ = {isa = PBXFileReference; lastKnownFileType = sourcecode.c.h; path = ViewController.h; sourceTree = "<group>"; };
		E8EAC3001AB04ED000E019FE /* ViewController.m */ = {isa = PBXFileReference; lastKnownFileType = sourcecode.c.objc; path = ViewController.m; sourceTree = "<group>"; };
		E8EAC3031AB04ED000E019FE /* Base */ = {isa = PBXFileReference; lastKnownFileType = file.storyboard; name = Base; path = Base.lproj/Main.storyboard; sourceTree = "<group>"; };
		E8EAC3051AB04ED000E019FE /* Images.xcassets */ = {isa = PBXFileReference; lastKnownFileType = folder.assetcatalog; path = Images.xcassets; sourceTree = "<group>"; };
		E8EAC3081AB04ED000E019FE /* Base */ = {isa = PBXFileReference; lastKnownFileType = file.xib; name = Base; path = Base.lproj/LaunchScreen.xib; sourceTree = "<group>"; };
		E8EAC30E1AB04ED000E019FE /* Mod19Tests.xctest */ = {isa = PBXFileReference; explicitFileType = wrapper.cfbundle; includeInIndex = 0; path = Mod19Tests.xctest; sourceTree = BUILT_PRODUCTS_DIR; };
		E8EAC3131AB04ED000E019FE /* Info.plist */ = {isa = PBXFileReference; lastKnownFileType = text.plist.xml; path = Info.plist; sourceTree = "<group>"; };
		E8EAC3141AB04ED000E019FE /* Mod19Tests.m */ = {isa = PBXFileReference; lastKnownFileType = sourcecode.c.objc; path = Mod19Tests.m; sourceTree = "<group>"; };
/* End PBXFileReference section */

/* Begin PBXFrameworksBuildPhase section */
		E8EAC2F21AB04ED000E019FE /* Frameworks */ = {
			isa = PBXFrameworksBuildPhase;
			buildActionMask = 2147483647;
			files = (
			);
			runOnlyForDeploymentPostprocessing = 0;
		};
		E8EAC30B1AB04ED000E019FE /* Frameworks */ = {
			isa = PBXFrameworksBuildPhase;
			buildActionMask = 2147483647;
			files = (
			);
			runOnlyForDeploymentPostprocessing = 0;
		};
/* End PBXFrameworksBuildPhase section */

/* Begin PBXGroup section */
		E8EAC2EC1AB04ED000E019FE = {
			isa = PBXGroup;
			children = (
				E8EAC2F71AB04ED000E019FE /* Mod19 */,
				E8EAC3111AB04ED000E019FE /* Mod19Tests */,
				E8EAC2F61AB04ED000E019FE /* Products */,
			);
			sourceTree = "<group>";
		};
		E8EAC2F61AB04ED000E019FE /* Products */ = {
			isa = PBXGroup;
			children = (
				E8EAC2F51AB04ED000E019FE /* Mod19.app */,
				E8EAC30E1AB04ED000E019FE /* Mod19Tests.xctest */,
			);
			name = Products;
			sourceTree = "<group>";
		};
		E8EAC2F71AB04ED000E019FE /* Mod19 */ = {
			isa = PBXGroup;
			children = (
				E8EAC2FC1AB04ED000E019FE /* AppDelegate.h */,
				E8EAC2FD1AB04ED000E019FE /* AppDelegate.m */,
				E8EAC2FF1AB04ED000E019FE /* ViewController.h */,
				E8EAC3001AB04ED000E019FE /* ViewController.m */,
				E8EAC3021AB04ED000E019FE /* Main.storyboard */,
				E8EAC3051AB04ED000E019FE /* Images.xcassets */,
				E8EAC3071AB04ED000E019FE /* LaunchScreen.xib */,
				E8EAC2F81AB04ED000E019FE /* Supporting Files */,
			);
			path = Mod19;
			sourceTree = "<group>";
		};
		E8EAC2F81AB04ED000E019FE /* Supporting Files */ = {
			isa = PBXGroup;
			children = (
				E8EAC2F91AB04ED000E019FE /* Info.plist */,
				E8EAC2FA1AB04ED000E019FE /* main.m */,
			);
			name = "Supporting Files";
			sourceTree = "<group>";
		};
		E8EAC3111AB04ED000E019FE /* Mod19Tests */ = {
			isa = PBXGroup;
			children = (
				E8EAC3141AB04ED000E019FE /* Mod19Tests.m */,
				E8EAC3121AB04ED000E019FE /* Supporting Files */,
			);
			path = Mod19Tests;
			sourceTree = "<group>";
		};
		E8EAC3121AB04ED000E019FE /* Supporting Files */ = {
			isa = PBXGroup;
			children = (
				E8EAC3131AB04ED000E019FE /* Info.plist */,
			);
			name = "Supporting Files";
			sourceTree = "<group>";
		};
/* End PBXGroup section */

/* Begin PBXNativeTarget section */
		E8EAC2F41AB04ED000E019FE /* Mod19 */ = {
			isa = PBXNativeTarget;
			buildConfigurationList = E8EAC3181AB04ED000E019FE /* Build configuration list for PBXNativeTarget "Mod19" */;
			buildPhases = (
				E8EAC2F11AB04ED000E019FE /* Sources */,
				E8EAC2F21AB04ED000E019FE /* Frameworks */,
				E8EAC2F31AB04ED000E019FE /* Resources */,
			);
			buildRules = (
			);
			dependencies = (
			);
			name = Mod19;
			productName = Mod19;
			productReference = E8EAC2F51AB04ED000E019FE /* Mod19.app */;
			productType = "com.apple.product-type.application";
		};
		E8EAC30D1AB04ED000E019FE /* Mod19Tests */ = {
			isa = PBXNativeTarget;
			buildConfigurationList = E8EAC31B1AB04ED000E019FE /* Build configuration list for PBXNativeTarget "Mod19Tests" */;
			buildPhases = (
				E8EAC30A1AB04ED000E019FE /* Sources */,
				E8EAC30B1AB04ED000E019FE /* Frameworks */,
				E8EAC30C1AB04ED000E019FE /* Resources */,
			);
			buildRules = (
			);
			dependencies = (
				E8EAC3101AB04ED000E019FE /* PBXTargetDependency */,
			);
			name = Mod19Tests;
			productName = Mod19Tests;
			productReference = E8EAC30E1AB04ED000E019FE /* Mod19Tests.xctest */;
			productType = "com.apple.product-type.bundle.unit-test";
		};
/* End PBXNativeTarget section */

/* Begin PBXProject section */
		E8EAC2ED1AB04ED000E019FE /* Project object */ = {
			isa = PBXProject;
			attributes = {
				LastUpgradeCheck = 0620;
				ORGANIZATIONNAME = KM;
				TargetAttributes = {
					E8EAC2F41AB04ED000E019FE = {
						CreatedOnToolsVersion = 6.2;
					};
					E8EAC30D1AB04ED000E019FE = {
						CreatedOnToolsVersion = 6.2;
						TestTargetID = E8EAC2F41AB04ED000E019FE;
					};
				};
			};
			buildConfigurationList = E8EAC2F01AB04ED000E019FE /* Build configuration list for PBXProject "Mod19" */;
			compatibilityVersion = "Xcode 3.2";
			developmentRegion = English;
			hasScannedForEncodings = 0;
			knownRegions = (
				en,
				Base,
			);
			mainGroup = E8EAC2EC1AB04ED000E019FE;
			productRefGroup = E8EAC2F61AB04ED000E019FE /* Products */;
			projectDirPath = "";
			projectRoot = "";
			targets = (
				E8EAC2F41AB04ED000E019FE /* Mod19 */,
				E8EAC30D1AB04ED000E019FE /* Mod19Tests */,
			);
		};
/* End PBXProject section */

/* Begin PBXResourcesBuildPhase section */
		E8EAC2F31AB04ED000E019FE /* Resources */ = {
			isa = PBXResourcesBuildPhase;
			buildActionMask = 2147483647;
			files = (
				E8EAC3041AB04ED000E019FE /* Main.storyboard in Resources */,
				E8EAC3091AB04ED000E019FE /* LaunchScreen.xib in Resources */,
				E8EAC3061AB04ED000E019FE /* Images.xcassets in Resources */,
			);
			runOnlyForDeploymentPostprocessing = 0;
		};
		E8EAC30C1AB04ED000E019FE /* Resources */ = {
			isa = PBXResourcesBuildPhase;
			buildActionMask = 2147483647;
			files = (
			);
			runOnlyForDeploymentPostprocessing = 0;
		};
/* End PBXResourcesBuildPhase section */

/* Begin PBXSourcesBuildPhase section */
		E8EAC2F11AB04ED000E019FE /* Sources */ = {
			isa = PBXSourcesBuildPhase;
			buildActionMask = 2147483647;
			files = (
				E8EAC3011AB04ED000E019FE /* ViewController.m in Sources */,
				E8EAC2FE1AB04ED000E019FE /* AppDelegate.m in Sources */,
				E8EAC2FB1AB04ED000E019FE /* main.m in Sources */,
			);
			runOnlyForDeploymentPostprocessing = 0;
		};
		E8EAC30A1AB04ED000E019FE /* Sources */ = {
			isa = PBXSourcesBuildPhase;
			buildActionMask = 2147483647;
			files = (
				E8EAC3151AB04ED000E019FE /* Mod19Tests.m in Sources */,
			);
			runOnlyForDeploymentPostprocessing = 0;
		};
/* End PBXSourcesBuildPhase section */

/* Begin PBXTargetDependency section */
		E8EAC3101AB04ED000E019FE /* PBXTargetDependency */ = {
			isa = PBXTargetDependency;
			target = E8EAC2F41AB04ED000E019FE /* Mod19 */;
			targetProxy = E8EAC30F1AB04ED000E019FE /* PBXContainerItemProxy */;
		};
/* End PBXTargetDependency section */

/* Begin PBXVariantGroup section */
		E8EAC3021AB04ED000E019FE /* Main.storyboard */ = {
			isa = PBXVariantGroup;
			children = (
				E8EAC3031AB04ED000E019FE /* Base */,
			);
			name = Main.storyboard;
			sourceTree = "<group>";
		};
		E8EAC3071AB04ED000E019FE /* LaunchScreen.xib */ = {
			isa = PBXVariantGroup;
			children = (
				E8EAC3081AB04ED000E019FE /* Base */,
			);
			name = LaunchScreen.xib;
			sourceTree = "<group>";
		};
/* End PBXVariantGroup section */

/* Begin XCBuildConfiguration section */
		E8EAC3161AB04ED000E019FE /* Debug */ = {
			isa = XCBuildConfiguration;
			buildSettings = {
				ALWAYS_SEARCH_USER_PATHS = NO;
				CLANG_CXX_LANGUAGE_STANDARD = "gnu++0x";
				CLANG_CXX_LIBRARY = "libc++";
				CLANG_ENABLE_MODULES = YES;
				CLANG_ENABLE_OBJC_ARC = YES;
				CLANG_WARN_BOOL_CONVERSION = YES;
				CLANG_WARN_CONSTANT_CONVERSION = YES;
				CLANG_WARN_DIRECT_OBJC_ISA_USAGE = YES_ERROR;
				CLANG_WARN_EMPTY_BODY = YES;
				CLANG_WARN_ENUM_CONVERSION = YES;
				CLANG_WARN_INT_CONVERSION = YES;
				CLANG_WARN_OBJC_ROOT_CLASS = YES_ERROR;
				CLANG_WARN_UNREACHABLE_CODE = YES;
				CLANG_WARN__DUPLICATE_METHOD_MATCH = YES;
				"CODE_SIGN_IDENTITY[sdk=iphoneos*]" = "iPhone Developer";
				COPY_PHASE_STRIP = NO;
				ENABLE_STRICT_OBJC_MSGSEND = YES;
				GCC_C_LANGUAGE_STANDARD = gnu99;
				GCC_DYNAMIC_NO_PIC = NO;
				GCC_OPTIMIZATION_LEVEL = 0;
				GCC_PREPROCESSOR_DEFINITIONS = (
					"DEBUG=1",
					"$(inherited)",
				);
				GCC_SYMBOLS_PRIVATE_EXTERN = NO;
				GCC_WARN_64_TO_32_BIT_CONVERSION = YES;
				GCC_WARN_ABOUT_RETURN_TYPE = YES_ERROR;
				GCC_WARN_UNDECLARED_SELECTOR = YES;
				GCC_WARN_UNINITIALIZED_AUTOS = YES_AGGRESSIVE;
				GCC_WARN_UNUSED_FUNCTION = YES;
				GCC_WARN_UNUSED_VARIABLE = YES;
				IPHONEOS_DEPLOYMENT_TARGET = 8.2;
				MTL_ENABLE_DEBUG_INFO = YES;
				ONLY_ACTIVE_ARCH = YES;
				SDKROOT = iphoneos;
			};
			name = Debug;
		};
		E8EAC3171AB04ED000E019FE /* Release */ = {
			isa = XCBuildConfiguration;
			buildSettings = {
				ALWAYS_SEARCH_USER_PATHS = NO;
				CLANG_CXX_LANGUAGE_STANDARD = "gnu++0x";
				CLANG_CXX_LIBRARY = "libc++";
				CLANG_ENABLE_MODULES = YES;
				CLANG_ENABLE_OBJC_ARC = YES;
				CLANG_WARN_BOOL_CONVERSION = YES;
				CLANG_WARN_CONSTANT_CONVERSION = YES;
				CLANG_WARN_DIRECT_OBJC_ISA_USAGE = YES_ERROR;
				CLANG_WARN_EMPTY_BODY = YES;
				CLANG_WARN_ENUM_CONVERSION = YES;
				CLANG_WARN_INT_CONVERSION = YES;
				CLANG_WARN_OBJC_ROOT_CLASS = YES_ERROR;
				CLANG_WARN_UNREACHABLE_CODE = YES;
				CLANG_WARN__DUPLICATE_METHOD_MATCH = YES;
				"CODE_SIGN_IDENTITY[sdk=iphoneos*]" = "iPhone Developer";
				COPY_PHASE_STRIP = NO;
				ENABLE_NS_ASSERTIONS = NO;
				ENABLE_STRICT_OBJC_MSGSEND = YES;
				GCC_C_LANGUAGE_STANDARD = gnu99;
				GCC_WARN_64_TO_32_BIT_CONVERSION = YES;
				GCC_WARN_ABOUT_RETURN_TYPE = YES_ERROR;
				GCC_WARN_UNDECLARED_SELECTOR = YES;
				GCC_WARN_UNINITIALIZED_AUTOS = YES_AGGRESSIVE;
				GCC_WARN_UNUSED_FUNCTION = YES;
				GCC_WARN_UNUSED_VARIABLE = YES;
				IPHONEOS_DEPLOYMENT_TARGET = 8.2;
				MTL_ENABLE_DEBUG_INFO = NO;
				SDKROOT = iphoneos;
				VALIDATE_PRODUCT = YES;
			};
			name = Release;
		};
		E8EAC3191AB04ED000E019FE /* Debug */ = {
			isa = XCBuildConfiguration;
			buildSettings = {
				ASSETCATALOG_COMPILER_APPICON_NAME = AppIcon;
				INFOPLIST_FILE = Mod19/Info.plist;
				LD_RUNPATH_SEARCH_PATHS = "$(inherited) @executable_path/Frameworks";
				PRODUCT_NAME = "$(TARGET_NAME)";
			};
			name = Debug;
		};
		E8EAC31A1AB04ED000E019FE /* Release */ = {
			isa = XCBuildConfiguration;
			buildSettings = {
				ASSETCATALOG_COMPILER_APPICON_NAME = AppIcon;
				INFOPLIST_FILE = Mod19/Info.plist;
				LD_RUNPATH_SEARCH_PATHS = "$(inherited) @executable_path/Frameworks";
				PRODUCT_NAME = "$(TARGET_NAME)";
			};
			name = Release;
		};
		E8EAC31C1AB04ED000E019FE /* Debug */ = {
			isa = XCBuildConfiguration;
			buildSettings = {
				BUNDLE_LOADER = "$(TEST_HOST)";
				FRAMEWORK_SEARCH_PATHS = (
					"$(SDKROOT)/Developer/Library/Frameworks",
					"$(inherited)",
				);
				GCC_PREPROCESSOR_DEFINITIONS = (
					"DEBUG=1",
					"$(inherited)",
				);
				INFOPLIST_FILE = Mod19Tests/Info.plist;
				LD_RUNPATH_SEARCH_PATHS = "$(inherited) @executable_path/Frameworks @loader_path/Frameworks";
				PRODUCT_NAME = "$(TARGET_NAME)";
				TEST_HOST = "$(BUILT_PRODUCTS_DIR)/Mod19.app/Mod19";
			};
			name = Debug;
		};
		E8EAC31D1AB04ED000E019FE /* Release */ = {
			isa = XCBuildConfiguration;
			buildSettings = {
				BUNDLE_LOADER = "$(TEST_HOST)";
				FRAMEWORK_SEARCH_PATHS = (
					"$(SDKROOT)/Developer/Library/Frameworks",
					"$(inherited)",
				);
				INFOPLIST_FILE = Mod19Tests/Info.plist;
				LD_RUNPATH_SEARCH_PATHS = "$(inherited) @executable_path/Frameworks @loader_path/Frameworks";
				PRODUCT_NAME = "$(TARGET_NAME)";
				TEST_HOST = "$(BUILT_PRODUCTS_DIR)/Mod19.app/Mod19";
			};
			name = Release;
		};
/* End XCBuildConfiguration section */

/* Begin XCConfigurationList section */
		E8EAC2F01AB04ED000E019FE /* Build configuration list for PBXProject "Mod19" */ = {
			isa = XCConfigurationList;
			buildConfigurations = (
				E8EAC3161AB04ED000E019FE /* Debug */,
				E8EAC3171AB04ED000E019FE /* Release */,
			);
			defaultConfigurationIsVisible = 0;
			defaultConfigurationName = Release;
		};
		E8EAC3181AB04ED000E019FE /* Build configuration list for PBXNativeTarget "Mod19" */ = {
			isa = XCConfigurationList;
			buildConfigurations = (
				E8EAC3191AB04ED000E019FE /* Debug */,
				E8EAC31A1AB04ED000E019FE /* Release */,
			);
			defaultConfigurationIsVisible = 0;
		};
		E8EAC31B1AB04ED000E019FE /* Build configuration list for PBXNativeTarget "Mod19Tests" */ = {
			isa = XCConfigurationList;
			buildConfigurations = (
				E8EAC31C1AB04ED000E019FE /* Debug */,
				E8EAC31D1AB04ED000E019FE /* Release */,
			);
			defaultConfigurationIsVisible = 0;
		};
/* End XCConfigurationList section */
	};
	rootObject = E8EAC2ED1AB04ED000E019FE /* Project object */;
}
